{
  "object": {
    "pins": [
      {
        "package": "Segment",
        "repositoryURL": "https://github.com/segmentio/analytics-swift",
        "state": {
          "branch": null,
          "revision": "76316a5009502de6e7c2788c295e9afc68793cd3",
          "version": "1.1.2"
        }
      },
      {
        "package": "Mixpanel",
        "repositoryURL": "https://github.com/mixpanel/mixpanel-swift",
        "state": {
          "branch": "master",
          "revision": "770953c8d6bddd03afc4b85491800cb60bd52f00",
          "version": null
        }
      },
      {
        "package": "Sovran",
        "repositoryURL": "https://github.com/segmentio/Sovran-Swift.git",
        "state": {
          "branch": null,
          "revision": "944c17d7c46bd95fc37f09136cabd172be5b413b",
          "version": "1.0.3"
        }
      }
    ]
  },
  "version": 1
}
